
Microsoft Visual Studio Solution File, Format Version 12.00
# Visual Studio Version 16
VisualStudioVersion = 16.0.31112.23
MinimumVisualStudioVersion = 10.0.40219.1
Project("{FAE04EC0-301F-11D3-BF4B-00C04F79EFBC}") = "LogisticCentr", "LogisticCentr\LogisticCentr.csproj", "{BEAD809A-022E-4391-832D-E134EA7F5763}"
EndProject
Global
	GlobalSection(SolutionConfigurationPlatforms) = preSolution
		Debug|Any CPU = Debug|Any CPU
		Release|Any CPU = Release|Any CPU
	EndGlobalSection
	GlobalSection(ProjectConfigurationPlatforms) = postSolution
		{BEAD809A-022E-4391-832D-E134EA7F5763}.Debug|Any CPU.ActiveCfg = Debug|Any CPU
		{BEAD809A-022E-4391-832D-E134EA7F5763}.Debug|Any CPU.Build.0 = Debug|Any CPU
		{BEAD809A-022E-4391-832D-E134EA7F5763}.Release|Any CPU.ActiveCfg = Release|Any CPU
		{BEAD809A-022E-4391-832D-E134EA7F5763}.Release|Any CPU.Build.0 = Release|Any CPU
	EndGlobalSection
	GlobalSection(SolutionProperties) = preSolution
		HideSolutionNode = FALSE
	EndGlobalSection
	GlobalSection(ExtensibilityGlobals) = postSolution
		SolutionGuid = {2A4D47C9-B26A-4179-9D30-63D1EE443CD5}
	EndGlobalSection
EndGlobal
